
Microsoft Visual Studio Solution File, Format Version 12.00
# Visual Studio 15
VisualStudioVersion = 15.0.26730.8
MinimumVisualStudioVersion = 10.0.40219.1
Project("{FAE04EC0-301F-11D3-BF4B-00C04F79EFBC}") = "Vision", "Vision\Vision.csproj", "{17011194-11B2-4226-B8AC-284CB823FA2A}"
EndProject
Project("{FAE04EC0-301F-11D3-BF4B-00C04F79EFBC}") = "ThreadProject", "ThreadProject\ThreadProject.csproj", "{EC16BD73-2DBB-4D73-878A-2EEAA52EDA26}"
EndProject
Global
	GlobalSection(SolutionConfigurationPlatforms) = preSolution
		Debug|Any CPU = Debug|Any CPU
		Release|Any CPU = Release|Any CPU
	EndGlobalSection
	GlobalSection(ProjectConfigurationPlatforms) = postSolution
		{17011194-11B2-4226-B8AC-284CB823FA2A}.Debug|Any CPU.ActiveCfg = Debug|Any CPU
		{17011194-11B2-4226-B8AC-284CB823FA2A}.Debug|Any CPU.Build.0 = Debug|Any CPU
		{17011194-11B2-4226-B8AC-284CB823FA2A}.Release|Any CPU.ActiveCfg = Release|Any CPU
		{17011194-11B2-4226-B8AC-284CB823FA2A}.Release|Any CPU.Build.0 = Release|Any CPU
		{EC16BD73-2DBB-4D73-878A-2EEAA52EDA26}.Debug|Any CPU.ActiveCfg = Debug|Any CPU
		{EC16BD73-2DBB-4D73-878A-2EEAA52EDA26}.Debug|Any CPU.Build.0 = Debug|Any CPU
		{EC16BD73-2DBB-4D73-878A-2EEAA52EDA26}.Release|Any CPU.ActiveCfg = Release|Any CPU
		{EC16BD73-2DBB-4D73-878A-2EEAA52EDA26}.Release|Any CPU.Build.0 = Release|Any CPU
	EndGlobalSection
	GlobalSection(SolutionProperties) = preSolution
		HideSolutionNode = FALSE
	EndGlobalSection
	GlobalSection(ExtensibilityGlobals) = postSolution
		SolutionGuid = {FBE40545-0C33-4E22-8CD1-2E4385CDB965}
	EndGlobalSection
EndGlobal
